
Microsoft Visual Studio Solution File, Format Version 12.00
# Visual Studio Version 16
VisualStudioVersion = 16.0.28803.202
MinimumVisualStudioVersion = 10.0.40219.1
Project("{FAE04EC0-301F-11D3-BF4B-00C04F79EFBC}") = "ExpensesTracker", "ExpensesTracker\ExpensesTracker.csproj", "{1371D374-FB98-4C44-B455-F9C3524709F4}"
EndProject
Project("{FAE04EC0-301F-11D3-BF4B-00C04F79EFBC}") = "UnitTestExpensesTracker", "UnitTestExpensesTracker\UnitTestExpensesTracker.csproj", "{3849E69E-F5B9-4958-AEA7-B05FE1A536DE}"
EndProject
Global
	GlobalSection(SolutionConfigurationPlatforms) = preSolution
		Debug|Any CPU = Debug|Any CPU
		Release|Any CPU = Release|Any CPU
	EndGlobalSection
	GlobalSection(ProjectConfigurationPlatforms) = postSolution
		{1371D374-FB98-4C44-B455-F9C3524709F4}.Debug|Any CPU.ActiveCfg = Debug|Any CPU
		{1371D374-FB98-4C44-B455-F9C3524709F4}.Debug|Any CPU.Build.0 = Debug|Any CPU
		{1371D374-FB98-4C44-B455-F9C3524709F4}.Release|Any CPU.ActiveCfg = Release|Any CPU
		{1371D374-FB98-4C44-B455-F9C3524709F4}.Release|Any CPU.Build.0 = Release|Any CPU
		{3849E69E-F5B9-4958-AEA7-B05FE1A536DE}.Debug|Any CPU.ActiveCfg = Debug|Any CPU
		{3849E69E-F5B9-4958-AEA7-B05FE1A536DE}.Debug|Any CPU.Build.0 = Debug|Any CPU
		{3849E69E-F5B9-4958-AEA7-B05FE1A536DE}.Release|Any CPU.ActiveCfg = Release|Any CPU
		{3849E69E-F5B9-4958-AEA7-B05FE1A536DE}.Release|Any CPU.Build.0 = Release|Any CPU
	EndGlobalSection
	GlobalSection(SolutionProperties) = preSolution
		HideSolutionNode = FALSE
	EndGlobalSection
	GlobalSection(ExtensibilityGlobals) = postSolution
		SolutionGuid = {1B929F60-DA61-407B-A307-7893F0CCF998}
	EndGlobalSection
EndGlobal
